<?xml version="1.0" encoding="utf-8"?>
<Project ToolsVersion="4.0" xmlns="http://schemas.microsoft.com/developer/msbuild/2003">
  <ItemGroup>
    <Filter Include="collisions">
      <UniqueIdentifier>{35d08f8a-ec2d-4cf3-a632-d41022702058}</UniqueIdentifier>
    </Filter>
    <Filter Include="utils">
      <UniqueIdentifier>{9ddd31f2-f564-42ad-887e-a8ae95d1c965}</UniqueIdentifier>
    </Filter>
  </ItemGroup>
  <ItemGroup>
    <ClInclude Include="OpenVRTypes.h" />
    <ClInclude Include="PapyrusVRAPI.h" />
    <ClInclude Include="PapyrusVRTypes.h" />
    <ClInclude Include="VRManagerAPI.h" />
    <ClInclude Include="utils\OpenVRUtils.h">
      <Filter>utils</Filter>
    </ClInclude>
    <ClInclude Include="collisions\LocalOverlapObject.h">
      <Filter>collisions</Filter>
    </ClInclude>
    <ClInclude Include="collisions\Sphere.h">
      <Filter>collisions</Filter>
    </ClInclude>
    <ClInclude Include="collisions\IShape.h">
      <Filter>collisions</Filter>
    </ClInclude>
  </ItemGroup>
  <ItemGroup>
    <ClCompile Include="PapyrusVRTypes.cpp" />
    <ClCompile Include="utils\OpenVRUtils.cpp">
      <Filter>utils</Filter>
    </ClCompile>
    <ClCompile Include="collisions\Sphere.cpp">
      <Filter>collisions</Filter>
    </ClCompile>
    <ClCompile Include="collisions\LocalOverlapObject.cpp">
      <Filter>collisions</Filter>
    </ClCompile>
  </ItemGroup>
</Project>