<?xml version="1.0" encoding="utf-8"?>
<Project ToolsVersion="4.0" xmlns="http://schemas.microsoft.com/developer/msbuild/2003">
  <ItemGroup>
    <Filter Include="Source Files">
      <UniqueIdentifier>{4FC737F1-C7A5-4376-A066-2A32D752A2FF}</UniqueIdentifier>
      <Extensions>cpp;c;cc;cxx;def;odl;idl;hpj;bat;asm;asmx</Extensions>
    </Filter>
    <Filter Include="Header Files">
      <UniqueIdentifier>{93995380-89BD-4b04-88EB-625FBE52EBFB}</UniqueIdentifier>
      <Extensions>h;hh;hpp;hxx;hm;inl;inc;ipp;xsd</Extensions>
    </Filter>
    <Filter Include="Resource Files">
      <UniqueIdentifier>{67DA6AB6-F800-4c08-8B7A-83BB121AAD01}</UniqueIdentifier>
      <Extensions>rc;ico;cur;bmp;dlg;rc2;rct;bin;rgs;gif;jpg;jpeg;jpe;resx;tiff;tif;png;wav;mfcribbon-ms</Extensions>
    </Filter>
    <Filter Include="Source Files\SKSE">
      <UniqueIdentifier>{c885422a-0136-420d-a86b-b655cdb80408}</UniqueIdentifier>
    </Filter>
    <Filter Include="Source Files\PapyrusVR API">
      <UniqueIdentifier>{8312395c-54e3-4ecf-b839-9bf4745e715d}</UniqueIdentifier>
    </Filter>
  </ItemGroup>
  <ItemGroup>
    <ClInclude Include="targetver.h">
      <Filter>Header Files</Filter>
    </ClInclude>
    <ClInclude Include="openvrhooks.h">
      <Filter>Source Files</Filter>
    </ClInclude>
    <ClInclude Include="papyrusvr_api\PapyrusVRTypes.h">
      <Filter>Source Files\PapyrusVR API</Filter>
    </ClInclude>
    <ClInclude Include="papyrusvr_api\VRManagerAPI.h">
      <Filter>Source Files\PapyrusVR API</Filter>
    </ClInclude>
    <ClInclude Include="papyrusvr_api\OpenVRTypes.h">
      <Filter>Source Files\PapyrusVR API</Filter>
    </ClInclude>
    <ClInclude Include="papyrusvr_api\PapyrusVRAPI.h">
      <Filter>Source Files\PapyrusVR API</Filter>
    </ClInclude>
    <ClInclude Include="papyrusvr_api\utils\OpenVRUtils.h">
      <Filter>Source Files\PapyrusVR API</Filter>
    </ClInclude>
    <ClInclude Include="papyrusvr_api\collisions\LocalOverlapObject.h">
      <Filter>Source Files\PapyrusVR API</Filter>
    </ClInclude>
    <ClInclude Include="papyrusvr_api\collisions\Sphere.h">
      <Filter>Source Files\PapyrusVR API</Filter>
    </ClInclude>
    <ClInclude Include="papyrusvr_api\collisions\IShape.h">
      <Filter>Source Files\PapyrusVR API</Filter>
    </ClInclude>
    <ClInclude Include="ScaleformVR.h">
      <Filter>Source Files</Filter>
    </ClInclude>
  </ItemGroup>
  <ItemGroup>
    <ClCompile Include="SKSE-VRInputPlugin.cpp">
      <Filter>Source Files</Filter>
    </ClCompile>
    <ClCompile Include="openvrhooks.cpp">
      <Filter>Source Files</Filter>
    </ClCompile>
    <ClCompile Include="papyrusvr_api\PapyrusVRTypes.cpp">
      <Filter>Source Files\PapyrusVR API</Filter>
    </ClCompile>
    <ClCompile Include="papyrusvr_api\utils\OpenVRUtils.cpp">
      <Filter>Source Files\PapyrusVR API</Filter>
    </ClCompile>
    <ClCompile Include="papyrusvr_api\collisions\LocalOverlapObject.cpp">
      <Filter>Source Files\PapyrusVR API</Filter>
    </ClCompile>
    <ClCompile Include="papyrusvr_api\collisions\Sphere.cpp">
      <Filter>Source Files\PapyrusVR API</Filter>
    </ClCompile>
    <ClCompile Include="papyrusvr_api\PapyrusVR.cpp">
      <Filter>Source Files\PapyrusVR API</Filter>
    </ClCompile>
    <ClCompile Include="papyrusvr_api\VRManager.cpp">
      <Filter>Source Files\PapyrusVR API</Filter>
    </ClCompile>
    <ClCompile Include="ScaleformVR.cpp">
      <Filter>Source Files</Filter>
    </ClCompile>
  </ItemGroup>
  <ItemGroup>
    <None Include="exports.def">
      <Filter>Source Files</Filter>
    </None>
  </ItemGroup>
</Project>